
Microsoft Visual Studio Solution File, Format Version 10.00
# Visual Studio 2008
Project("{8BC9CEB8-8B4A-11D0-8D11-00A0C91BC942}") = "5402", "5402.vcproj", "{0603C773-6636-4220-AF9D-D4DAF5ABB7D2}"
EndProject
Global
	GlobalSection(SolutionConfigurationPlatforms) = preSolution
		Debug|Win32 = Debug|Win32
		Release|Win32 = Release|Win32
	EndGlobalSection
	GlobalSection(ProjectConfigurationPlatforms) = postSolution
		{0603C773-6636-4220-AF9D-D4DAF5ABB7D2}.Debug|Win32.ActiveCfg = Debug|Win32
		{0603C773-6636-4220-AF9D-D4DAF5ABB7D2}.Debug|Win32.Build.0 = Debug|Win32
		{0603C773-6636-4220-AF9D-D4DAF5ABB7D2}.Release|Win32.ActiveCfg = Release|Win32
		{0603C773-6636-4220-AF9D-D4DAF5ABB7D2}.Release|Win32.Build.0 = Release|Win32
	EndGlobalSection
	GlobalSection(SolutionProperties) = preSolution
		HideSolutionNode = FALSE
	EndGlobalSection
EndGlobal
