
Microsoft Visual Studio Solution File, Format Version 12.00
# Visual Studio 2012
Project("{8BC9CEB8-8B4A-11D0-8D11-00A0C91BC942}") = "DateTime", "DateTime.vcxproj", "{1B29AED8-8207-44E4-B67D-0C377D3E85C4}"
EndProject
Global
	GlobalSection(SolutionConfigurationPlatforms) = preSolution
		Debug|Win32 = Debug|Win32
		Release|Win32 = Release|Win32
	EndGlobalSection
	GlobalSection(ProjectConfigurationPlatforms) = postSolution
		{1B29AED8-8207-44E4-B67D-0C377D3E85C4}.Debug|Win32.ActiveCfg = Debug|Win32
		{1B29AED8-8207-44E4-B67D-0C377D3E85C4}.Debug|Win32.Build.0 = Debug|Win32
		{1B29AED8-8207-44E4-B67D-0C377D3E85C4}.Release|Win32.ActiveCfg = Release|Win32
		{1B29AED8-8207-44E4-B67D-0C377D3E85C4}.Release|Win32.Build.0 = Release|Win32
	EndGlobalSection
	GlobalSection(SolutionProperties) = preSolution
		HideSolutionNode = FALSE
	EndGlobalSection
EndGlobal
