
Microsoft Visual Studio Solution File, Format Version 12.00
# Visual Studio 2012
Project("{8BC9CEB8-8B4A-11D0-8D11-00A0C91BC942}") = "vector", "vector.vcxproj", "{BD1C6245-8FF4-47F5-A2B2-BC37E484FF5E}"
EndProject
Global
	GlobalSection(SolutionConfigurationPlatforms) = preSolution
		Debug|Win32 = Debug|Win32
		Release|Win32 = Release|Win32
	EndGlobalSection
	GlobalSection(ProjectConfigurationPlatforms) = postSolution
		{BD1C6245-8FF4-47F5-A2B2-BC37E484FF5E}.Debug|Win32.ActiveCfg = Debug|Win32
		{BD1C6245-8FF4-47F5-A2B2-BC37E484FF5E}.Debug|Win32.Build.0 = Debug|Win32
		{BD1C6245-8FF4-47F5-A2B2-BC37E484FF5E}.Release|Win32.ActiveCfg = Release|Win32
		{BD1C6245-8FF4-47F5-A2B2-BC37E484FF5E}.Release|Win32.Build.0 = Release|Win32
	EndGlobalSection
	GlobalSection(SolutionProperties) = preSolution
		HideSolutionNode = FALSE
	EndGlobalSection
EndGlobal
