
Microsoft Visual Studio Solution File, Format Version 12.00
# Visual Studio 2012
Project("{8BC9CEB8-8B4A-11D0-8D11-00A0C91BC942}") = "Mystring", "Mystring\Mystring.vcxproj", "{904715C8-A32D-4F0C-928B-FDE8C36CF51B}"
EndProject
Global
	GlobalSection(SolutionConfigurationPlatforms) = preSolution
		Debug|Win32 = Debug|Win32
		Release|Win32 = Release|Win32
	EndGlobalSection
	GlobalSection(ProjectConfigurationPlatforms) = postSolution
		{904715C8-A32D-4F0C-928B-FDE8C36CF51B}.Debug|Win32.ActiveCfg = Debug|Win32
		{904715C8-A32D-4F0C-928B-FDE8C36CF51B}.Debug|Win32.Build.0 = Debug|Win32
		{904715C8-A32D-4F0C-928B-FDE8C36CF51B}.Release|Win32.ActiveCfg = Release|Win32
		{904715C8-A32D-4F0C-928B-FDE8C36CF51B}.Release|Win32.Build.0 = Release|Win32
	EndGlobalSection
	GlobalSection(SolutionProperties) = preSolution
		HideSolutionNode = FALSE
	EndGlobalSection
EndGlobal
